// !$*UTF8*$!
{
	archiveVersion = 1;
	classes = {
	};
	objectVersion = 56;
	objects = {

/* Begin PBXBuildFile section */
		5232A51A2C63D29D00B344E9 /* MyContestEditView.swift in Sources */ = {isa = PBXBuildFile; fileRef = 5232A5192C63D29D00B344E9 /* MyContestEditView.swift */; };
		5232A51E2C63DB5300B344E9 /* RecipeContest.swift in Sources */ = {isa = PBXBuildFile; fileRef = 5232A51D2C63DB5300B344E9 /* RecipeContest.swift */; };
		5232A5212C68F84A00B344E9 /* RecipeCardView.swift in Sources */ = {isa = PBXBuildFile; fileRef = 5232A5202C68F84A00B344E9 /* RecipeCardView.swift */; };
		5232A5232C68FDE600B344E9 /* FilterBar.swift in Sources */ = {isa = PBXBuildFile; fileRef = 5232A5222C68FDE600B344E9 /* FilterBar.swift */; };
		5232A5272C68FFF000B344E9 /* ContestFilterBar.swift in Sources */ = {isa = PBXBuildFile; fileRef = 5232A5262C68FFF000B344E9 /* ContestFilterBar.swift */; };
		5232A5292C69012F00B344E9 /* RecipeCardModel.swift in Sources */ = {isa = PBXBuildFile; fileRef = 5232A5282C69012F00B344E9 /* RecipeCardModel.swift */; };
		5232A52F2C6902EB00B344E9 /* RecipeDetailView.swift in Sources */ = {isa = PBXBuildFile; fileRef = 5232A52E2C6902EB00B344E9 /* RecipeDetailView.swift */; };
		523BC5E12C6A5050007CDFA2 /* RecipeDetailCardModel.swift in Sources */ = {isa = PBXBuildFile; fileRef = 523BC5E02C6A5050007CDFA2 /* RecipeDetailCardModel.swift */; };
		523BC5E32C6A51B1007CDFA2 /* RecipeDetailCardView.swift in Sources */ = {isa = PBXBuildFile; fileRef = 523BC5E22C6A51B1007CDFA2 /* RecipeDetailCardView.swift */; };
		523BC5E52C6A5453007CDFA2 /* RecommendRecipeCard.swift in Sources */ = {isa = PBXBuildFile; fileRef = 523BC5E42C6A5453007CDFA2 /* RecommendRecipeCard.swift */; };
		523BC5E72C6A5466007CDFA2 /* RecommendRecipeModel.swift in Sources */ = {isa = PBXBuildFile; fileRef = 523BC5E62C6A5466007CDFA2 /* RecommendRecipeModel.swift */; };
		523BC5E92C6A5759007CDFA2 /* RecipeReviewModel.swift in Sources */ = {isa = PBXBuildFile; fileRef = 523BC5E82C6A5759007CDFA2 /* RecipeReviewModel.swift */; };
		523BC5EB2C6A5769007CDFA2 /* RecipeReviewCard.swift in Sources */ = {isa = PBXBuildFile; fileRef = 523BC5EA2C6A5769007CDFA2 /* RecipeReviewCard.swift */; };
		523BC5EE2C6B2F65007CDFA2 /* MyContestCardView.swift in Sources */ = {isa = PBXBuildFile; fileRef = 523BC5ED2C6B2F65007CDFA2 /* MyContestCardView.swift */; };
		523BC5F02C6B301B007CDFA2 /* MyContestCardModel.swift in Sources */ = {isa = PBXBuildFile; fileRef = 523BC5EF2C6B301B007CDFA2 /* MyContestCardModel.swift */; };
		523BC5F22C6B3ED7007CDFA2 /* ImagePicker.swift in Sources */ = {isa = PBXBuildFile; fileRef = 523BC5F12C6B3ED6007CDFA2 /* ImagePicker.swift */; };
		523BC5F42C6B4067007CDFA2 /* IngredientModel.swift in Sources */ = {isa = PBXBuildFile; fileRef = 523BC5F32C6B4067007CDFA2 /* IngredientModel.swift */; };
		523BC5F62C6B40BE007CDFA2 /* Step.swift in Sources */ = {isa = PBXBuildFile; fileRef = 523BC5F52C6B40BE007CDFA2 /* Step.swift */; };
		523BC5F92C6B4198007CDFA2 /* RecipeStepView.swift in Sources */ = {isa = PBXBuildFile; fileRef = 523BC5F82C6B4198007CDFA2 /* RecipeStepView.swift */; };
		523BC5FC2C6B4542007CDFA2 /* ContestFinishPopup.swift in Sources */ = {isa = PBXBuildFile; fileRef = 523BC5FB2C6B4542007CDFA2 /* ContestFinishPopup.swift */; };
		523BC6012C760526007CDFA2 /* RecipeData.swift in Sources */ = {isa = PBXBuildFile; fileRef = 523BC6002C760526007CDFA2 /* RecipeData.swift */; };
		529C02CA2C62516600C78438 /* RecipeMainView.swift in Sources */ = {isa = PBXBuildFile; fileRef = 529C02C92C62516600C78438 /* RecipeMainView.swift */; };
		529C02CC2C62641300C78438 /* RecipeReviewView.swift in Sources */ = {isa = PBXBuildFile; fileRef = 529C02CB2C62641300C78438 /* RecipeReviewView.swift */; };
		52A9DFA22C76277800A22AC2 /* RecipeDetailRespone.swift in Sources */ = {isa = PBXBuildFile; fileRef = 52A9DFA12C76277800A22AC2 /* RecipeDetailRespone.swift */; };
		52A9DFA42C762CB700A22AC2 /* RecipeContestRespones.swift in Sources */ = {isa = PBXBuildFile; fileRef = 52A9DFA32C762CB700A22AC2 /* RecipeContestRespones.swift */; };
		52A9DFA62C762D0B00A22AC2 /* RecipeDetailRequest.swift in Sources */ = {isa = PBXBuildFile; fileRef = 52A9DFA52C762D0B00A22AC2 /* RecipeDetailRequest.swift */; };
		52A9DFA82C762E6900A22AC2 /* RecipeContestRequest.swift in Sources */ = {isa = PBXBuildFile; fileRef = 52A9DFA72C762E6900A22AC2 /* RecipeContestRequest.swift */; };
		52A9DFAC2C763FF500A22AC2 /* MyContestListResponse.swift in Sources */ = {isa = PBXBuildFile; fileRef = 52A9DFAB2C763FF500A22AC2 /* MyContestListResponse.swift */; };
		52A9DFAE2C7645F100A22AC2 /* RecipeSavingResponse.swift in Sources */ = {isa = PBXBuildFile; fileRef = 52A9DFAD2C7645F100A22AC2 /* RecipeSavingResponse.swift */; };
		52A9DFB02C764A8E00A22AC2 /* RecipePreviewrequest.swift in Sources */ = {isa = PBXBuildFile; fileRef = 52A9DFAF2C764A8E00A22AC2 /* RecipePreviewrequest.swift */; };
		52A9DFB22C764A9F00A22AC2 /* RecipePreviewResponse.swift in Sources */ = {isa = PBXBuildFile; fileRef = 52A9DFB12C764A9F00A22AC2 /* RecipePreviewResponse.swift */; };
		52A9DFB42C764F0800A22AC2 /* ReviewStarResponse.swift in Sources */ = {isa = PBXBuildFile; fileRef = 52A9DFB32C764F0800A22AC2 /* ReviewStarResponse.swift */; };
		52A9DFB62C76503900A22AC2 /* RecipeReviewResponse.swift in Sources */ = {isa = PBXBuildFile; fileRef = 52A9DFB52C76503900A22AC2 /* RecipeReviewResponse.swift */; };
		52A9DFB82C76519E00A22AC2 /* RecipeReviewWriteRequest.swift in Sources */ = {isa = PBXBuildFile; fileRef = 52A9DFB72C76519E00A22AC2 /* RecipeReviewWriteRequest.swift */; };
		52A9DFBA2C7651AD00A22AC2 /* RecipeReviewWriteResponse.swift in Sources */ = {isa = PBXBuildFile; fileRef = 52A9DFB92C7651AD00A22AC2 /* RecipeReviewWriteResponse.swift */; };
		58299ADD2C739830001BBF0F /* Restaurant.swift in Sources */ = {isa = PBXBuildFile; fileRef = 58299ADC2C739830001BBF0F /* Restaurant.swift */; };
		58299AE32C7599DD001BBF0F /* RestaurantView.swift in Sources */ = {isa = PBXBuildFile; fileRef = 58299AE22C7599DD001BBF0F /* RestaurantView.swift */; };
		58299AE52C75C099001BBF0F /* Location.swift in Sources */ = {isa = PBXBuildFile; fileRef = 58299AE42C75C099001BBF0F /* Location.swift */; };
		58299AE72C75F9CF001BBF0F /* TagsView.swift in Sources */ = {isa = PBXBuildFile; fileRef = 58299AE62C75F9CF001BBF0F /* TagsView.swift */; };
		58299AEC2C761959001BBF0F /* GeneralAPI.swift in Sources */ = {isa = PBXBuildFile; fileRef = 58299AEB2C761959001BBF0F /* GeneralAPI.swift */; };
		58299AEE2C761A65001BBF0F /* HomeAPI.swift in Sources */ = {isa = PBXBuildFile; fileRef = 58299AED2C761A65001BBF0F /* HomeAPI.swift */; };
		58299AF02C761A70001BBF0F /* RecipeAPI.swift in Sources */ = {isa = PBXBuildFile; fileRef = 58299AEF2C761A70001BBF0F /* RecipeAPI.swift */; };
		58299AF22C761A84001BBF0F /* MyPageAPI.swift in Sources */ = {isa = PBXBuildFile; fileRef = 58299AF12C761A84001BBF0F /* MyPageAPI.swift */; };
		58299AF42C761A8F001BBF0F /* HomeService.swift in Sources */ = {isa = PBXBuildFile; fileRef = 58299AF32C761A8F001BBF0F /* HomeService.swift */; };
		58299AF62C761A9D001BBF0F /* RecipeService.swift in Sources */ = {isa = PBXBuildFile; fileRef = 58299AF52C761A9C001BBF0F /* RecipeService.swift */; };
		58299AF92C761C10001BBF0F /* CombineMoya in Frameworks */ = {isa = PBXBuildFile; productRef = 58299AF82C761C10001BBF0F /* CombineMoya */; };
		58299AFB2C761C10001BBF0F /* Moya in Frameworks */ = {isa = PBXBuildFile; productRef = 58299AFA2C761C10001BBF0F /* Moya */; };
		58299AFD2C761C10001BBF0F /* ReactiveMoya in Frameworks */ = {isa = PBXBuildFile; productRef = 58299AFC2C761C10001BBF0F /* ReactiveMoya */; };
		58299AFF2C761C10001BBF0F /* RxMoya in Frameworks */ = {isa = PBXBuildFile; productRef = 58299AFE2C761C10001BBF0F /* RxMoya */; };
		58299B012C761DD4001BBF0F /* BaseResponse.swift in Sources */ = {isa = PBXBuildFile; fileRef = 58299B002C761DD4001BBF0F /* BaseResponse.swift */; };
		58299B032C761F94001BBF0F /* HomeRequest.swift in Sources */ = {isa = PBXBuildFile; fileRef = 58299B022C761F94001BBF0F /* HomeRequest.swift */; };
		58299B052C7620A0001BBF0F /* RecipeListRequest.swift in Sources */ = {isa = PBXBuildFile; fileRef = 58299B042C7620A0001BBF0F /* RecipeListRequest.swift */; };
		58299B072C762186001BBF0F /* RecipeListResponse.swift in Sources */ = {isa = PBXBuildFile; fileRef = 58299B062C762186001BBF0F /* RecipeListResponse.swift */; };
		58299B232C767482001BBF0F /* WeeklyStoreResponse.swift in Sources */ = {isa = PBXBuildFile; fileRef = 58299B222C767482001BBF0F /* WeeklyStoreResponse.swift */; };
		58299B252C7674CE001BBF0F /* HomeViewModel.swift in Sources */ = {isa = PBXBuildFile; fileRef = 58299B242C7674CE001BBF0F /* HomeViewModel.swift */; };
		58299B292C767605001BBF0F /* RetaurantModel.swift in Sources */ = {isa = PBXBuildFile; fileRef = 58299B272C767604001BBF0F /* RetaurantModel.swift */; };
		58299B2E2C76760D001BBF0F /* MyPageCalenderCardView.swift in Sources */ = {isa = PBXBuildFile; fileRef = 58299B2A2C76760D001BBF0F /* MyPageCalenderCardView.swift */; };
		58299B2F2C76760D001BBF0F /* MyPageView.swift in Sources */ = {isa = PBXBuildFile; fileRef = 58299B2B2C76760D001BBF0F /* MyPageView.swift */; };
		58299B302C76760D001BBF0F /* RecipeSearchView.swift in Sources */ = {isa = PBXBuildFile; fileRef = 58299B2C2C76760D001BBF0F /* RecipeSearchView.swift */; };
		58299B322C76766B001BBF0F /* RecipeSaveModel.swift in Sources */ = {isa = PBXBuildFile; fileRef = 58299B312C76766B001BBF0F /* RecipeSaveModel.swift */; };
		58299B352C767810001BBF0F /* RecipeViewModel.swift in Sources */ = {isa = PBXBuildFile; fileRef = 58299B342C767810001BBF0F /* RecipeViewModel.swift */; };
		58299B372C767C84001BBF0F /* HotRestarant.swift in Sources */ = {isa = PBXBuildFile; fileRef = 58299B362C767C84001BBF0F /* HotRestarant.swift */; };
		58299B3A2C767F70001BBF0F /* StoreDetailView.swift in Sources */ = {isa = PBXBuildFile; fileRef = 58299B392C767F70001BBF0F /* StoreDetailView.swift */; };
		58299B3C2C768618001BBF0F /* MyPageMainModel.swift in Sources */ = {isa = PBXBuildFile; fileRef = 58299B3B2C768618001BBF0F /* MyPageMainModel.swift */; };
		58299B3E2C768647001BBF0F /* CalendarModel.swift in Sources */ = {isa = PBXBuildFile; fileRef = 58299B3D2C768647001BBF0F /* CalendarModel.swift */; };
		5847F1062C5CFAC8001AC04E /* VeganningApp.swift in Sources */ = {isa = PBXBuildFile; fileRef = 5847F1052C5CFAC8001AC04E /* VeganningApp.swift */; };
		5847F1082C5CFAC8001AC04E /* ContentView.swift in Sources */ = {isa = PBXBuildFile; fileRef = 5847F1072C5CFAC8001AC04E /* ContentView.swift */; };
		5847F10A2C5CFAC9001AC04E /* Assets.xcassets in Resources */ = {isa = PBXBuildFile; fileRef = 5847F1092C5CFAC9001AC04E /* Assets.xcassets */; };
		5847F10D2C5CFAC9001AC04E /* Preview Assets.xcassets in Resources */ = {isa = PBXBuildFile; fileRef = 5847F10C2C5CFAC9001AC04E /* Preview Assets.xcassets */; };
		5847F1172C5CFAC9001AC04E /* VeganningTests.swift in Sources */ = {isa = PBXBuildFile; fileRef = 5847F1162C5CFAC9001AC04E /* VeganningTests.swift */; };
		5847F1212C5CFAC9001AC04E /* VeganningUITests.swift in Sources */ = {isa = PBXBuildFile; fileRef = 5847F1202C5CFAC9001AC04E /* VeganningUITests.swift */; };
		5847F1232C5CFAC9001AC04E /* VeganningUITestsLaunchTests.swift in Sources */ = {isa = PBXBuildFile; fileRef = 5847F1222C5CFAC9001AC04E /* VeganningUITestsLaunchTests.swift */; };
		58C3163A2C68E111001374EC /* CustomTabView.swift in Sources */ = {isa = PBXBuildFile; fileRef = 58C316392C68E111001374EC /* CustomTabView.swift */; };
		58C3163E2C68E8E7001374EC /* HomeView.swift in Sources */ = {isa = PBXBuildFile; fileRef = 58C3163D2C68E8E7001374EC /* HomeView.swift */; };
		58C316432C68E946001374EC /* TabbedView.swift in Sources */ = {isa = PBXBuildFile; fileRef = 58C316422C68E946001374EC /* TabbedView.swift */; };
		58C316462C68EC56001374EC /* RoundedCornersShape.swift in Sources */ = {isa = PBXBuildFile; fileRef = 58C316452C68EC56001374EC /* RoundedCornersShape.swift */; };
		58C316602C6B5A54001374EC /* CollectionViewPagingLayout in Frameworks */ = {isa = PBXBuildFile; productRef = 58C3165F2C6B5A54001374EC /* CollectionViewPagingLayout */; };
		58C316682C709AA0001374EC /* CarouselView.swift in Sources */ = {isa = PBXBuildFile; fileRef = 58C316672C709AA0001374EC /* CarouselView.swift */; };
		58C3166A2C709AFB001374EC /* HomeCardView.swift in Sources */ = {isa = PBXBuildFile; fileRef = 58C316692C709AFB001374EC /* HomeCardView.swift */; };
		58C3166C2C70A456001374EC /* HomeTagsView.swift in Sources */ = {isa = PBXBuildFile; fileRef = 58C3166B2C70A456001374EC /* HomeTagsView.swift */; };
		58F6BCBF2C70AB8400487694 /* Tags.swift in Sources */ = {isa = PBXBuildFile; fileRef = 58F6BCBE2C70AB8400487694 /* Tags.swift */; };
		58F6BCC12C70BFC800487694 /* CustomRoundedRectangle.swift in Sources */ = {isa = PBXBuildFile; fileRef = 58F6BCC02C70BFC800487694 /* CustomRoundedRectangle.swift */; };
/* End PBXBuildFile section */

/* Begin PBXContainerItemProxy section */
		5847F1132C5CFAC9001AC04E /* PBXContainerItemProxy */ = {
			isa = PBXContainerItemProxy;
			containerPortal = 5847F0FA2C5CFAC8001AC04E /* Project object */;
			proxyType = 1;
			remoteGlobalIDString = 5847F1012C5CFAC8001AC04E;
			remoteInfo = Veganning;
		};
		5847F11D2C5CFAC9001AC04E /* PBXContainerItemProxy */ = {
			isa = PBXContainerItemProxy;
			containerPortal = 5847F0FA2C5CFAC8001AC04E /* Project object */;
			proxyType = 1;
			remoteGlobalIDString = 5847F1012C5CFAC8001AC04E;
			remoteInfo = Veganning;
		};
/* End PBXContainerItemProxy section */

/* Begin PBXFileReference section */
		5232A5192C63D29D00B344E9 /* MyContestEditView.swift */ = {isa = PBXFileReference; lastKnownFileType = sourcecode.swift; path = MyContestEditView.swift; sourceTree = "<group>"; };
		5232A51D2C63DB5300B344E9 /* RecipeContest.swift */ = {isa = PBXFileReference; lastKnownFileType = sourcecode.swift; path = RecipeContest.swift; sourceTree = "<group>"; };
		5232A5202C68F84A00B344E9 /* RecipeCardView.swift */ = {isa = PBXFileReference; lastKnownFileType = sourcecode.swift; path = RecipeCardView.swift; sourceTree = "<group>"; };
		5232A5222C68FDE600B344E9 /* FilterBar.swift */ = {isa = PBXFileReference; lastKnownFileType = sourcecode.swift; path = FilterBar.swift; sourceTree = "<group>"; };
		5232A5262C68FFF000B344E9 /* ContestFilterBar.swift */ = {isa = PBXFileReference; lastKnownFileType = sourcecode.swift; path = ContestFilterBar.swift; sourceTree = "<group>"; };
		5232A5282C69012F00B344E9 /* RecipeCardModel.swift */ = {isa = PBXFileReference; lastKnownFileType = sourcecode.swift; path = RecipeCardModel.swift; sourceTree = "<group>"; };
		5232A52E2C6902EB00B344E9 /* RecipeDetailView.swift */ = {isa = PBXFileReference; fileEncoding = 4; lastKnownFileType = sourcecode.swift; path = RecipeDetailView.swift; sourceTree = "<group>"; };
		523BC5E02C6A5050007CDFA2 /* RecipeDetailCardModel.swift */ = {isa = PBXFileReference; lastKnownFileType = sourcecode.swift; path = RecipeDetailCardModel.swift; sourceTree = "<group>"; };
		523BC5E22C6A51B1007CDFA2 /* RecipeDetailCardView.swift */ = {isa = PBXFileReference; lastKnownFileType = sourcecode.swift; path = RecipeDetailCardView.swift; sourceTree = "<group>"; };
		523BC5E42C6A5453007CDFA2 /* RecommendRecipeCard.swift */ = {isa = PBXFileReference; lastKnownFileType = sourcecode.swift; path = RecommendRecipeCard.swift; sourceTree = "<group>"; };
		523BC5E62C6A5466007CDFA2 /* RecommendRecipeModel.swift */ = {isa = PBXFileReference; lastKnownFileType = sourcecode.swift; path = RecommendRecipeModel.swift; sourceTree = "<group>"; };
		523BC5E82C6A5759007CDFA2 /* RecipeReviewModel.swift */ = {isa = PBXFileReference; lastKnownFileType = sourcecode.swift; path = RecipeReviewModel.swift; sourceTree = "<group>"; };
		523BC5EA2C6A5769007CDFA2 /* RecipeReviewCard.swift */ = {isa = PBXFileReference; lastKnownFileType = sourcecode.swift; path = RecipeReviewCard.swift; sourceTree = "<group>"; };
		523BC5ED2C6B2F65007CDFA2 /* MyContestCardView.swift */ = {isa = PBXFileReference; lastKnownFileType = sourcecode.swift; path = MyContestCardView.swift; sourceTree = "<group>"; };
		523BC5EF2C6B301B007CDFA2 /* MyContestCardModel.swift */ = {isa = PBXFileReference; lastKnownFileType = sourcecode.swift; path = MyContestCardModel.swift; sourceTree = "<group>"; };
		523BC5F12C6B3ED6007CDFA2 /* ImagePicker.swift */ = {isa = PBXFileReference; lastKnownFileType = sourcecode.swift; path = ImagePicker.swift; sourceTree = "<group>"; };
		523BC5F32C6B4067007CDFA2 /* IngredientModel.swift */ = {isa = PBXFileReference; lastKnownFileType = sourcecode.swift; path = IngredientModel.swift; sourceTree = "<group>"; };
		523BC5F52C6B40BE007CDFA2 /* Step.swift */ = {isa = PBXFileReference; lastKnownFileType = sourcecode.swift; path = Step.swift; sourceTree = "<group>"; };
		523BC5F82C6B4198007CDFA2 /* RecipeStepView.swift */ = {isa = PBXFileReference; lastKnownFileType = sourcecode.swift; path = RecipeStepView.swift; sourceTree = "<group>"; };
		523BC5FB2C6B4542007CDFA2 /* ContestFinishPopup.swift */ = {isa = PBXFileReference; lastKnownFileType = sourcecode.swift; path = ContestFinishPopup.swift; sourceTree = "<group>"; };
		523BC6002C760526007CDFA2 /* RecipeData.swift */ = {isa = PBXFileReference; lastKnownFileType = sourcecode.swift; name = RecipeData.swift; path = ../RecipeData.swift; sourceTree = "<group>"; };
		529C02C92C62516600C78438 /* RecipeMainView.swift */ = {isa = PBXFileReference; lastKnownFileType = sourcecode.swift; path = RecipeMainView.swift; sourceTree = "<group>"; };
		529C02CB2C62641300C78438 /* RecipeReviewView.swift */ = {isa = PBXFileReference; lastKnownFileType = sourcecode.swift; path = RecipeReviewView.swift; sourceTree = "<group>"; };
		52A9DFA12C76277800A22AC2 /* RecipeDetailRespone.swift */ = {isa = PBXFileReference; lastKnownFileType = sourcecode.swift; path = RecipeDetailRespone.swift; sourceTree = "<group>"; };
		52A9DFA32C762CB700A22AC2 /* RecipeContestRespones.swift */ = {isa = PBXFileReference; lastKnownFileType = sourcecode.swift; path = RecipeContestRespones.swift; sourceTree = "<group>"; };
		52A9DFA52C762D0B00A22AC2 /* RecipeDetailRequest.swift */ = {isa = PBXFileReference; lastKnownFileType = sourcecode.swift; path = RecipeDetailRequest.swift; sourceTree = "<group>"; };
		52A9DFA72C762E6900A22AC2 /* RecipeContestRequest.swift */ = {isa = PBXFileReference; lastKnownFileType = sourcecode.swift; path = RecipeContestRequest.swift; sourceTree = "<group>"; };
		52A9DFAB2C763FF500A22AC2 /* MyContestListResponse.swift */ = {isa = PBXFileReference; lastKnownFileType = sourcecode.swift; path = MyContestListResponse.swift; sourceTree = "<group>"; };
		52A9DFAD2C7645F100A22AC2 /* RecipeSavingResponse.swift */ = {isa = PBXFileReference; lastKnownFileType = sourcecode.swift; name = RecipeSavingResponse.swift; path = ../../Global/RecipeSavingResponse.swift; sourceTree = "<group>"; };
		52A9DFAF2C764A8E00A22AC2 /* RecipePreviewrequest.swift */ = {isa = PBXFileReference; lastKnownFileType = sourcecode.swift; path = RecipePreviewrequest.swift; sourceTree = "<group>"; };
		52A9DFB12C764A9F00A22AC2 /* RecipePreviewResponse.swift */ = {isa = PBXFileReference; lastKnownFileType = sourcecode.swift; path = RecipePreviewResponse.swift; sourceTree = "<group>"; };
		52A9DFB32C764F0800A22AC2 /* ReviewStarResponse.swift */ = {isa = PBXFileReference; lastKnownFileType = sourcecode.swift; path = ReviewStarResponse.swift; sourceTree = "<group>"; };
		52A9DFB52C76503900A22AC2 /* RecipeReviewResponse.swift */ = {isa = PBXFileReference; lastKnownFileType = sourcecode.swift; path = RecipeReviewResponse.swift; sourceTree = "<group>"; };
		52A9DFB72C76519E00A22AC2 /* RecipeReviewWriteRequest.swift */ = {isa = PBXFileReference; lastKnownFileType = sourcecode.swift; path = RecipeReviewWriteRequest.swift; sourceTree = "<group>"; };
		52A9DFB92C7651AD00A22AC2 /* RecipeReviewWriteResponse.swift */ = {isa = PBXFileReference; lastKnownFileType = sourcecode.swift; path = RecipeReviewWriteResponse.swift; sourceTree = "<group>"; };
		58299ADC2C739830001BBF0F /* Restaurant.swift */ = {isa = PBXFileReference; lastKnownFileType = sourcecode.swift; path = Restaurant.swift; sourceTree = "<group>"; };
		58299AE22C7599DD001BBF0F /* RestaurantView.swift */ = {isa = PBXFileReference; lastKnownFileType = sourcecode.swift; path = RestaurantView.swift; sourceTree = "<group>"; };
		58299AE42C75C099001BBF0F /* Location.swift */ = {isa = PBXFileReference; lastKnownFileType = sourcecode.swift; path = Location.swift; sourceTree = "<group>"; };
		58299AE62C75F9CF001BBF0F /* TagsView.swift */ = {isa = PBXFileReference; lastKnownFileType = sourcecode.swift; path = TagsView.swift; sourceTree = "<group>"; };
		58299AEB2C761959001BBF0F /* GeneralAPI.swift */ = {isa = PBXFileReference; lastKnownFileType = sourcecode.swift; path = GeneralAPI.swift; sourceTree = "<group>"; };
		58299AED2C761A65001BBF0F /* HomeAPI.swift */ = {isa = PBXFileReference; lastKnownFileType = sourcecode.swift; path = HomeAPI.swift; sourceTree = "<group>"; };
		58299AEF2C761A70001BBF0F /* RecipeAPI.swift */ = {isa = PBXFileReference; lastKnownFileType = sourcecode.swift; path = RecipeAPI.swift; sourceTree = "<group>"; };
		58299AF12C761A84001BBF0F /* MyPageAPI.swift */ = {isa = PBXFileReference; lastKnownFileType = sourcecode.swift; path = MyPageAPI.swift; sourceTree = "<group>"; };
		58299AF32C761A8F001BBF0F /* HomeService.swift */ = {isa = PBXFileReference; lastKnownFileType = sourcecode.swift; path = HomeService.swift; sourceTree = "<group>"; };
		58299AF52C761A9C001BBF0F /* RecipeService.swift */ = {isa = PBXFileReference; lastKnownFileType = sourcecode.swift; path = RecipeService.swift; sourceTree = "<group>"; };
		58299B002C761DD4001BBF0F /* BaseResponse.swift */ = {isa = PBXFileReference; lastKnownFileType = sourcecode.swift; path = BaseResponse.swift; sourceTree = "<group>"; };
		58299B022C761F94001BBF0F /* HomeRequest.swift */ = {isa = PBXFileReference; lastKnownFileType = sourcecode.swift; path = HomeRequest.swift; sourceTree = "<group>"; };
		58299B042C7620A0001BBF0F /* RecipeListRequest.swift */ = {isa = PBXFileReference; lastKnownFileType = sourcecode.swift; path = RecipeListRequest.swift; sourceTree = "<group>"; };
		58299B062C762186001BBF0F /* RecipeListResponse.swift */ = {isa = PBXFileReference; lastKnownFileType = sourcecode.swift; path = RecipeListResponse.swift; sourceTree = "<group>"; };
		58299B222C767482001BBF0F /* WeeklyStoreResponse.swift */ = {isa = PBXFileReference; fileEncoding = 4; lastKnownFileType = sourcecode.swift; path = WeeklyStoreResponse.swift; sourceTree = "<group>"; };
		58299B242C7674CE001BBF0F /* HomeViewModel.swift */ = {isa = PBXFileReference; fileEncoding = 4; lastKnownFileType = sourcecode.swift; path = HomeViewModel.swift; sourceTree = "<group>"; };
		58299B262C767563001BBF0F /* Info.plist */ = {isa = PBXFileReference; lastKnownFileType = text.plist; path = Info.plist; sourceTree = "<group>"; };
		58299B272C767604001BBF0F /* RetaurantModel.swift */ = {isa = PBXFileReference; fileEncoding = 4; lastKnownFileType = sourcecode.swift; path = RetaurantModel.swift; sourceTree = "<group>"; };
		58299B2A2C76760D001BBF0F /* MyPageCalenderCardView.swift */ = {isa = PBXFileReference; fileEncoding = 4; lastKnownFileType = sourcecode.swift; path = MyPageCalenderCardView.swift; sourceTree = "<group>"; };
		58299B2B2C76760D001BBF0F /* MyPageView.swift */ = {isa = PBXFileReference; fileEncoding = 4; lastKnownFileType = sourcecode.swift; path = MyPageView.swift; sourceTree = "<group>"; };
		58299B2C2C76760D001BBF0F /* RecipeSearchView.swift */ = {isa = PBXFileReference; fileEncoding = 4; lastKnownFileType = sourcecode.swift; path = RecipeSearchView.swift; sourceTree = "<group>"; };
		58299B312C76766B001BBF0F /* RecipeSaveModel.swift */ = {isa = PBXFileReference; lastKnownFileType = sourcecode.swift; path = RecipeSaveModel.swift; sourceTree = "<group>"; };
		58299B342C767810001BBF0F /* RecipeViewModel.swift */ = {isa = PBXFileReference; lastKnownFileType = sourcecode.swift; path = RecipeViewModel.swift; sourceTree = "<group>"; };
		58299B362C767C84001BBF0F /* HotRestarant.swift */ = {isa = PBXFileReference; lastKnownFileType = sourcecode.swift; path = HotRestarant.swift; sourceTree = "<group>"; };
		58299B392C767F70001BBF0F /* StoreDetailView.swift */ = {isa = PBXFileReference; lastKnownFileType = sourcecode.swift; path = StoreDetailView.swift; sourceTree = "<group>"; };
		58299B3B2C768618001BBF0F /* MyPageMainModel.swift */ = {isa = PBXFileReference; lastKnownFileType = sourcecode.swift; path = MyPageMainModel.swift; sourceTree = "<group>"; };
		58299B3D2C768647001BBF0F /* CalendarModel.swift */ = {isa = PBXFileReference; lastKnownFileType = sourcecode.swift; path = CalendarModel.swift; sourceTree = "<group>"; };
		5847F1022C5CFAC8001AC04E /* Veganning.app */ = {isa = PBXFileReference; explicitFileType = wrapper.application; includeInIndex = 0; path = Veganning.app; sourceTree = BUILT_PRODUCTS_DIR; };
		5847F1052C5CFAC8001AC04E /* VeganningApp.swift */ = {isa = PBXFileReference; lastKnownFileType = sourcecode.swift; path = VeganningApp.swift; sourceTree = "<group>"; };
		5847F1072C5CFAC8001AC04E /* ContentView.swift */ = {isa = PBXFileReference; lastKnownFileType = sourcecode.swift; path = ContentView.swift; sourceTree = "<group>"; };
		5847F1092C5CFAC9001AC04E /* Assets.xcassets */ = {isa = PBXFileReference; lastKnownFileType = folder.assetcatalog; path = Assets.xcassets; sourceTree = "<group>"; };
		5847F10C2C5CFAC9001AC04E /* Preview Assets.xcassets */ = {isa = PBXFileReference; lastKnownFileType = folder.assetcatalog; path = "Preview Assets.xcassets"; sourceTree = "<group>"; };
		5847F1122C5CFAC9001AC04E /* VeganningTests.xctest */ = {isa = PBXFileReference; explicitFileType = wrapper.cfbundle; includeInIndex = 0; path = VeganningTests.xctest; sourceTree = BUILT_PRODUCTS_DIR; };
		5847F1162C5CFAC9001AC04E /* VeganningTests.swift */ = {isa = PBXFileReference; lastKnownFileType = sourcecode.swift; path = VeganningTests.swift; sourceTree = "<group>"; };
		5847F11C2C5CFAC9001AC04E /* VeganningUITests.xctest */ = {isa = PBXFileReference; explicitFileType = wrapper.cfbundle; includeInIndex = 0; path = VeganningUITests.xctest; sourceTree = BUILT_PRODUCTS_DIR; };
		5847F1202C5CFAC9001AC04E /* VeganningUITests.swift */ = {isa = PBXFileReference; lastKnownFileType = sourcecode.swift; path = VeganningUITests.swift; sourceTree = "<group>"; };
		5847F1222C5CFAC9001AC04E /* VeganningUITestsLaunchTests.swift */ = {isa = PBXFileReference; lastKnownFileType = sourcecode.swift; path = VeganningUITestsLaunchTests.swift; sourceTree = "<group>"; };
		58C316392C68E111001374EC /* CustomTabView.swift */ = {isa = PBXFileReference; lastKnownFileType = sourcecode.swift; path = CustomTabView.swift; sourceTree = "<group>"; };
		58C3163D2C68E8E7001374EC /* HomeView.swift */ = {isa = PBXFileReference; lastKnownFileType = sourcecode.swift; path = HomeView.swift; sourceTree = "<group>"; };
		58C316422C68E946001374EC /* TabbedView.swift */ = {isa = PBXFileReference; lastKnownFileType = sourcecode.swift; path = TabbedView.swift; sourceTree = "<group>"; };
		58C316452C68EC56001374EC /* RoundedCornersShape.swift */ = {isa = PBXFileReference; lastKnownFileType = sourcecode.swift; path = RoundedCornersShape.swift; sourceTree = "<group>"; };
		58C316492C6900B5001374EC /* RecipeCardView.swift */ = {isa = PBXFileReference; lastKnownFileType = sourcecode.swift; path = RecipeCardView.swift; sourceTree = "<group>"; };
		58C3164B2C6900E8001374EC /* RecipeCardModel.swift */ = {isa = PBXFileReference; lastKnownFileType = sourcecode.swift; path = RecipeCardModel.swift; sourceTree = "<group>"; };
		58C316672C709AA0001374EC /* CarouselView.swift */ = {isa = PBXFileReference; lastKnownFileType = sourcecode.swift; path = CarouselView.swift; sourceTree = "<group>"; };
		58C316692C709AFB001374EC /* HomeCardView.swift */ = {isa = PBXFileReference; lastKnownFileType = sourcecode.swift; path = HomeCardView.swift; sourceTree = "<group>"; };
		58C3166B2C70A456001374EC /* HomeTagsView.swift */ = {isa = PBXFileReference; lastKnownFileType = sourcecode.swift; path = HomeTagsView.swift; sourceTree = "<group>"; };
		58F6BCBE2C70AB8400487694 /* Tags.swift */ = {isa = PBXFileReference; lastKnownFileType = sourcecode.swift; path = Tags.swift; sourceTree = "<group>"; };
		58F6BCC02C70BFC800487694 /* CustomRoundedRectangle.swift */ = {isa = PBXFileReference; lastKnownFileType = sourcecode.swift; path = CustomRoundedRectangle.swift; sourceTree = "<group>"; };
/* End PBXFileReference section */

/* Begin PBXFrameworksBuildPhase section */
		5847F0FF2C5CFAC8001AC04E /* Frameworks */ = {
			isa = PBXFrameworksBuildPhase;
			buildActionMask = 2147483647;
			files = (
				58299AFF2C761C10001BBF0F /* RxMoya in Frameworks */,
				58299AF92C761C10001BBF0F /* CombineMoya in Frameworks */,
				58299AFD2C761C10001BBF0F /* ReactiveMoya in Frameworks */,
				58C316602C6B5A54001374EC /* CollectionViewPagingLayout in Frameworks */,
				58299AFB2C761C10001BBF0F /* Moya in Frameworks */,
			);
			runOnlyForDeploymentPostprocessing = 0;
		};
		5847F10F2C5CFAC9001AC04E /* Frameworks */ = {
			isa = PBXFrameworksBuildPhase;
			buildActionMask = 2147483647;
			files = (
			);
			runOnlyForDeploymentPostprocessing = 0;
		};
		5847F1192C5CFAC9001AC04E /* Frameworks */ = {
			isa = PBXFrameworksBuildPhase;
			buildActionMask = 2147483647;
			files = (
			);
			runOnlyForDeploymentPostprocessing = 0;
		};
/* End PBXFrameworksBuildPhase section */

/* Begin PBXGroup section */
		523BC5DE2C690374007CDFA2 /* View */ = {
			isa = PBXGroup;
			children = (
				523BC6002C760526007CDFA2 /* RecipeData.swift */,
				529C02C92C62516600C78438 /* RecipeMainView.swift */,
				5232A5202C68F84A00B344E9 /* RecipeCardView.swift */,
				5232A52E2C6902EB00B344E9 /* RecipeDetailView.swift */,
				523BC5E22C6A51B1007CDFA2 /* RecipeDetailCardView.swift */,
				529C02CB2C62641300C78438 /* RecipeReviewView.swift */,
				523BC5EA2C6A5769007CDFA2 /* RecipeReviewCard.swift */,
				523BC5E42C6A5453007CDFA2 /* RecommendRecipeCard.swift */,
				523BC5ED2C6B2F65007CDFA2 /* MyContestCardView.swift */,
				5232A5192C63D29D00B344E9 /* MyContestEditView.swift */,
				5232A51D2C63DB5300B344E9 /* RecipeContest.swift */,
				5232A5222C68FDE600B344E9 /* FilterBar.swift */,
				5232A5262C68FFF000B344E9 /* ContestFilterBar.swift */,
				523BC5F82C6B4198007CDFA2 /* RecipeStepView.swift */,
				523BC5FB2C6B4542007CDFA2 /* ContestFinishPopup.swift */,
			);
			path = View;
			sourceTree = "<group>";
		};
		523BC5DF2C690385007CDFA2 /* Model */ = {
			isa = PBXGroup;
			children = (
				5232A5282C69012F00B344E9 /* RecipeCardModel.swift */,
				523BC5EF2C6B301B007CDFA2 /* MyContestCardModel.swift */,
				523BC5E02C6A5050007CDFA2 /* RecipeDetailCardModel.swift */,
				523BC5E62C6A5466007CDFA2 /* RecommendRecipeModel.swift */,
				523BC5E82C6A5759007CDFA2 /* RecipeReviewModel.swift */,
				523BC5F32C6B4067007CDFA2 /* IngredientModel.swift */,
				523BC5F52C6B40BE007CDFA2 /* Step.swift */,
			);
			path = Model;
			sourceTree = "<group>";
		};
		52D6C9822C5D0A2B00EB505B /* View */ = {
			isa = PBXGroup;
			children = (
				58C3163F2C68E8ED001374EC /* MyPage */,
				58C3163C2C68E8BA001374EC /* Home */,
				58C316382C68E0F0001374EC /* MainTab */,
				52D6C9832C5D0A3600EB505B /* Recipe */,
			);
			path = View;
			sourceTree = "<group>";
		};
		52D6C9832C5D0A3600EB505B /* Recipe */ = {
			isa = PBXGroup;
			children = (
				58299B332C7677FD001BBF0F /* ViewModel */,
				523BC5F12C6B3ED6007CDFA2 /* ImagePicker.swift */,
				523BC5DF2C690385007CDFA2 /* Model */,
				523BC5DE2C690374007CDFA2 /* View */,
			);
			path = Recipe;
			sourceTree = "<group>";
		};
		58299ADB2C7397FD001BBF0F /* Model */ = {
			isa = PBXGroup;
			children = (
				58299ADC2C739830001BBF0F /* Restaurant.swift */,
				58299AE42C75C099001BBF0F /* Location.swift */,
				58299B362C767C84001BBF0F /* HotRestarant.swift */,
			);
			path = Model;
			sourceTree = "<group>";
		};
		58299AE82C761906001BBF0F /* Networks */ = {
			isa = PBXGroup;
			children = (
				58299AEA2C76192A001BBF0F /* GlobalAPI */,
				58299AE92C761921001BBF0F /* Model */,
			);
			path = Networks;
			sourceTree = "<group>";
		};
		58299AE92C761921001BBF0F /* Model */ = {
			isa = PBXGroup;
			children = (
				58299B222C767482001BBF0F /* WeeklyStoreResponse.swift */,
				58299B002C761DD4001BBF0F /* BaseResponse.swift */,
				58299B022C761F94001BBF0F /* HomeRequest.swift */,
				58299B042C7620A0001BBF0F /* RecipeListRequest.swift */,
				58299B062C762186001BBF0F /* RecipeListResponse.swift */,
				52A9DFA52C762D0B00A22AC2 /* RecipeDetailRequest.swift */,
				52A9DFA12C76277800A22AC2 /* RecipeDetailRespone.swift */,
				52A9DFA72C762E6900A22AC2 /* RecipeContestRequest.swift */,
				52A9DFA32C762CB700A22AC2 /* RecipeContestRespones.swift */,
				52A9DFAB2C763FF500A22AC2 /* MyContestListResponse.swift */,
				52A9DFAD2C7645F100A22AC2 /* RecipeSavingResponse.swift */,
				52A9DFAF2C764A8E00A22AC2 /* RecipePreviewrequest.swift */,
				52A9DFB12C764A9F00A22AC2 /* RecipePreviewResponse.swift */,
				52A9DFB32C764F0800A22AC2 /* ReviewStarResponse.swift */,
				52A9DFB52C76503900A22AC2 /* RecipeReviewResponse.swift */,
				52A9DFB72C76519E00A22AC2 /* RecipeReviewWriteRequest.swift */,
				52A9DFB92C7651AD00A22AC2 /* RecipeReviewWriteResponse.swift */,
			);
			path = Model;
			sourceTree = "<group>";
		};
		58299AEA2C76192A001BBF0F /* GlobalAPI */ = {
			isa = PBXGroup;
			children = (
				58299AEB2C761959001BBF0F /* GeneralAPI.swift */,
				58299AED2C761A65001BBF0F /* HomeAPI.swift */,
				58299AEF2C761A70001BBF0F /* RecipeAPI.swift */,
				58299AF12C761A84001BBF0F /* MyPageAPI.swift */,
				58299AF32C761A8F001BBF0F /* HomeService.swift */,
				58299AF52C761A9C001BBF0F /* RecipeService.swift */,
			);
			path = GlobalAPI;
			sourceTree = "<group>";
		};
		58299B282C767604001BBF0F /* Model */ = {
			isa = PBXGroup;
			children = (
				58299B272C767604001BBF0F /* RetaurantModel.swift */,
				58299B312C76766B001BBF0F /* RecipeSaveModel.swift */,
				58299B3D2C768647001BBF0F /* CalendarModel.swift */,
			);
			path = Model;
			sourceTree = "<group>";
		};
		58299B2D2C76760D001BBF0F /* View */ = {
			isa = PBXGroup;
			children = (
				58299B2A2C76760D001BBF0F /* MyPageCalenderCardView.swift */,
				58299B2B2C76760D001BBF0F /* MyPageView.swift */,
				58299B2C2C76760D001BBF0F /* RecipeSearchView.swift */,
			);
			path = View;
			sourceTree = "<group>";
		};
		58299B332C7677FD001BBF0F /* ViewModel */ = {
			isa = PBXGroup;
			children = (
				58299B342C767810001BBF0F /* RecipeViewModel.swift */,
			);
			path = ViewModel;
			sourceTree = "<group>";
		};
		5847F0F92C5CFAC8001AC04E = {
			isa = PBXGroup;
			children = (
				5847F1042C5CFAC8001AC04E /* Veganning */,
				5847F1152C5CFAC9001AC04E /* VeganningTests */,
				5847F11F2C5CFAC9001AC04E /* VeganningUITests */,
				5847F1032C5CFAC8001AC04E /* Products */,
				58F6BCC32C70DE0400487694 /* Recovered References */,
			);
			sourceTree = "<group>";
		};
		5847F1032C5CFAC8001AC04E /* Products */ = {
			isa = PBXGroup;
			children = (
				5847F1022C5CFAC8001AC04E /* Veganning.app */,
				5847F1122C5CFAC9001AC04E /* VeganningTests.xctest */,
				5847F11C2C5CFAC9001AC04E /* VeganningUITests.xctest */,
			);
			name = Products;
			sourceTree = "<group>";
		};
		5847F1042C5CFAC8001AC04E /* Veganning */ = {
			isa = PBXGroup;
			children = (
				58299B262C767563001BBF0F /* Info.plist */,
				58299AE82C761906001BBF0F /* Networks */,
				58C316442C68EC3D001374EC /* Global */,
				52D6C9822C5D0A2B00EB505B /* View */,
				5847F1052C5CFAC8001AC04E /* VeganningApp.swift */,
				5847F1072C5CFAC8001AC04E /* ContentView.swift */,
				5847F1092C5CFAC9001AC04E /* Assets.xcassets */,
				5847F10B2C5CFAC9001AC04E /* Preview Content */,
			);
			path = Veganning;
			sourceTree = "<group>";
		};
		5847F10B2C5CFAC9001AC04E /* Preview Content */ = {
			isa = PBXGroup;
			children = (
				5847F10C2C5CFAC9001AC04E /* Preview Assets.xcassets */,
			);
			path = "Preview Content";
			sourceTree = "<group>";
		};
		5847F1152C5CFAC9001AC04E /* VeganningTests */ = {
			isa = PBXGroup;
			children = (
				5847F1162C5CFAC9001AC04E /* VeganningTests.swift */,
			);
			path = VeganningTests;
			sourceTree = "<group>";
		};
		5847F11F2C5CFAC9001AC04E /* VeganningUITests */ = {
			isa = PBXGroup;
			children = (
				5847F1202C5CFAC9001AC04E /* VeganningUITests.swift */,
				5847F1222C5CFAC9001AC04E /* VeganningUITestsLaunchTests.swift */,
			);
			path = VeganningUITests;
			sourceTree = "<group>";
		};
		58C316382C68E0F0001374EC /* MainTab */ = {
			isa = PBXGroup;
			children = (
				58C316392C68E111001374EC /* CustomTabView.swift */,
				58C316422C68E946001374EC /* TabbedView.swift */,
			);
			path = MainTab;
			sourceTree = "<group>";
		};
		58C3163C2C68E8BA001374EC /* Home */ = {
			isa = PBXGroup;
			children = (
				58299B242C7674CE001BBF0F /* HomeViewModel.swift */,
				58299ADB2C7397FD001BBF0F /* Model */,
				58C3163D2C68E8E7001374EC /* HomeView.swift */,
				58299B392C767F70001BBF0F /* StoreDetailView.swift */,
				58C316672C709AA0001374EC /* CarouselView.swift */,
				58C316692C709AFB001374EC /* HomeCardView.swift */,
				58C3166B2C70A456001374EC /* HomeTagsView.swift */,
				58F6BCBE2C70AB8400487694 /* Tags.swift */,
				58F6BCC02C70BFC800487694 /* CustomRoundedRectangle.swift */,
				58299AE22C7599DD001BBF0F /* RestaurantView.swift */,
				58299AE62C75F9CF001BBF0F /* TagsView.swift */,
			);
			path = Home;
			sourceTree = "<group>";
		};
		58C3163F2C68E8ED001374EC /* MyPage */ = {
			isa = PBXGroup;
			children = (
				58299B2D2C76760D001BBF0F /* View */,
				58299B282C767604001BBF0F /* Model */,
				58299B3B2C768618001BBF0F /* MyPageMainModel.swift */,
			);
			name = MyPage;
			path = ../MyPage;
			sourceTree = "<group>";
		};
		58C316442C68EC3D001374EC /* Global */ = {
			isa = PBXGroup;
			children = (
				58C316452C68EC56001374EC /* RoundedCornersShape.swift */,
			);
			path = Global;
			sourceTree = "<group>";
		};
		58F6BCC32C70DE0400487694 /* Recovered References */ = {
			isa = PBXGroup;
			children = (
				58C3164B2C6900E8001374EC /* RecipeCardModel.swift */,
				58C316492C6900B5001374EC /* RecipeCardView.swift */,
			);
			name = "Recovered References";
			sourceTree = "<group>";
		};
/* End PBXGroup section */

/* Begin PBXNativeTarget section */
		5847F1012C5CFAC8001AC04E /* Veganning */ = {
			isa = PBXNativeTarget;
			buildConfigurationList = 5847F1262C5CFAC9001AC04E /* Build configuration list for PBXNativeTarget "Veganning" */;
			buildPhases = (
				5847F0FE2C5CFAC8001AC04E /* Sources */,
				5847F0FF2C5CFAC8001AC04E /* Frameworks */,
				5847F1002C5CFAC8001AC04E /* Resources */,
			);
			buildRules = (
			);
			dependencies = (
			);
			name = Veganning;
			packageProductDependencies = (
				58C3165F2C6B5A54001374EC /* CollectionViewPagingLayout */,
				58299AF82C761C10001BBF0F /* CombineMoya */,
				58299AFA2C761C10001BBF0F /* Moya */,
				58299AFC2C761C10001BBF0F /* ReactiveMoya */,
				58299AFE2C761C10001BBF0F /* RxMoya */,
			);
			productName = Veganning;
			productReference = 5847F1022C5CFAC8001AC04E /* Veganning.app */;
			productType = "com.apple.product-type.application";
		};
		5847F1112C5CFAC9001AC04E /* VeganningTests */ = {
			isa = PBXNativeTarget;
			buildConfigurationList = 5847F1292C5CFAC9001AC04E /* Build configuration list for PBXNativeTarget "VeganningTests" */;
			buildPhases = (
				5847F10E2C5CFAC9001AC04E /* Sources */,
				5847F10F2C5CFAC9001AC04E /* Frameworks */,
				5847F1102C5CFAC9001AC04E /* Resources */,
			);
			buildRules = (
			);
			dependencies = (
				5847F1142C5CFAC9001AC04E /* PBXTargetDependency */,
			);
			name = VeganningTests;
			productName = VeganningTests;
			productReference = 5847F1122C5CFAC9001AC04E /* VeganningTests.xctest */;
			productType = "com.apple.product-type.bundle.unit-test";
		};
		5847F11B2C5CFAC9001AC04E /* VeganningUITests */ = {
			isa = PBXNativeTarget;
			buildConfigurationList = 5847F12C2C5CFAC9001AC04E /* Build configuration list for PBXNativeTarget "VeganningUITests" */;
			buildPhases = (
				5847F1182C5CFAC9001AC04E /* Sources */,
				5847F1192C5CFAC9001AC04E /* Frameworks */,
				5847F11A2C5CFAC9001AC04E /* Resources */,
			);
			buildRules = (
			);
			dependencies = (
				5847F11E2C5CFAC9001AC04E /* PBXTargetDependency */,
			);
			name = VeganningUITests;
			productName = VeganningUITests;
			productReference = 5847F11C2C5CFAC9001AC04E /* VeganningUITests.xctest */;
			productType = "com.apple.product-type.bundle.ui-testing";
		};
/* End PBXNativeTarget section */

/* Begin PBXProject section */
		5847F0FA2C5CFAC8001AC04E /* Project object */ = {
			isa = PBXProject;
			attributes = {
				BuildIndependentTargetsInParallel = 1;
				LastSwiftUpdateCheck = 1540;
				LastUpgradeCheck = 1540;
				TargetAttributes = {
					5847F1012C5CFAC8001AC04E = {
						CreatedOnToolsVersion = 15.4;
					};
					5847F1112C5CFAC9001AC04E = {
						CreatedOnToolsVersion = 15.4;
						TestTargetID = 5847F1012C5CFAC8001AC04E;
					};
					5847F11B2C5CFAC9001AC04E = {
						CreatedOnToolsVersion = 15.4;
						TestTargetID = 5847F1012C5CFAC8001AC04E;
					};
				};
			};
			buildConfigurationList = 5847F0FD2C5CFAC8001AC04E /* Build configuration list for PBXProject "Veganning" */;
			compatibilityVersion = "Xcode 14.0";
			developmentRegion = en;
			hasScannedForEncodings = 0;
			knownRegions = (
				en,
				Base,
			);
			mainGroup = 5847F0F92C5CFAC8001AC04E;
			packageReferences = (
				58C3165E2C6B5A54001374EC /* XCRemoteSwiftPackageReference "CollectionViewPagingLayout" */,
				58299AF72C761C10001BBF0F /* XCRemoteSwiftPackageReference "Moya" */,
			);
			productRefGroup = 5847F1032C5CFAC8001AC04E /* Products */;
			projectDirPath = "";
			projectRoot = "";
			targets = (
				5847F1012C5CFAC8001AC04E /* Veganning */,
				5847F1112C5CFAC9001AC04E /* VeganningTests */,
				5847F11B2C5CFAC9001AC04E /* VeganningUITests */,
			);
		};
/* End PBXProject section */

/* Begin PBXResourcesBuildPhase section */
		5847F1002C5CFAC8001AC04E /* Resources */ = {
			isa = PBXResourcesBuildPhase;
			buildActionMask = 2147483647;
			files = (
				5847F10D2C5CFAC9001AC04E /* Preview Assets.xcassets in Resources */,
				5847F10A2C5CFAC9001AC04E /* Assets.xcassets in Resources */,
			);
			runOnlyForDeploymentPostprocessing = 0;
		};
		5847F1102C5CFAC9001AC04E /* Resources */ = {
			isa = PBXResourcesBuildPhase;
			buildActionMask = 2147483647;
			files = (
			);
			runOnlyForDeploymentPostprocessing = 0;
		};
		5847F11A2C5CFAC9001AC04E /* Resources */ = {
			isa = PBXResourcesBuildPhase;
			buildActionMask = 2147483647;
			files = (
			);
			runOnlyForDeploymentPostprocessing = 0;
		};
/* End PBXResourcesBuildPhase section */

/* Begin PBXSourcesBuildPhase section */
		5847F0FE2C5CFAC8001AC04E /* Sources */ = {
			isa = PBXSourcesBuildPhase;
			buildActionMask = 2147483647;
			files = (
				523BC5E52C6A5453007CDFA2 /* RecommendRecipeCard.swift in Sources */,
				58299B3E2C768647001BBF0F /* CalendarModel.swift in Sources */,
				58299B232C767482001BBF0F /* WeeklyStoreResponse.swift in Sources */,
				58299B2F2C76760D001BBF0F /* MyPageView.swift in Sources */,
				523BC5E92C6A5759007CDFA2 /* RecipeReviewModel.swift in Sources */,
				5232A5232C68FDE600B344E9 /* FilterBar.swift in Sources */,
				523BC5F22C6B3ED7007CDFA2 /* ImagePicker.swift in Sources */,
				52A9DFA62C762D0B00A22AC2 /* RecipeDetailRequest.swift in Sources */,
				5847F1082C5CFAC8001AC04E /* ContentView.swift in Sources */,
				58299B302C76760D001BBF0F /* RecipeSearchView.swift in Sources */,
				5232A52F2C6902EB00B344E9 /* RecipeDetailView.swift in Sources */,
				52A9DFA82C762E6900A22AC2 /* RecipeContestRequest.swift in Sources */,
				58C3166A2C709AFB001374EC /* HomeCardView.swift in Sources */,
				52A9DFB62C76503900A22AC2 /* RecipeReviewResponse.swift in Sources */,
				58299B372C767C84001BBF0F /* HotRestarant.swift in Sources */,
				58299AF62C761A9D001BBF0F /* RecipeService.swift in Sources */,
				58C3163E2C68E8E7001374EC /* HomeView.swift in Sources */,
				58299B032C761F94001BBF0F /* HomeRequest.swift in Sources */,
				58C316432C68E946001374EC /* TabbedView.swift in Sources */,
				58299AF22C761A84001BBF0F /* MyPageAPI.swift in Sources */,
				58F6BCBF2C70AB8400487694 /* Tags.swift in Sources */,
				58299ADD2C739830001BBF0F /* Restaurant.swift in Sources */,
				58299B352C767810001BBF0F /* RecipeViewModel.swift in Sources */,
				58F6BCC12C70BFC800487694 /* CustomRoundedRectangle.swift in Sources */,
				58299B052C7620A0001BBF0F /* RecipeListRequest.swift in Sources */,
				58299B322C76766B001BBF0F /* RecipeSaveModel.swift in Sources */,
				52A9DFB82C76519E00A22AC2 /* RecipeReviewWriteRequest.swift in Sources */,
				52A9DFAC2C763FF500A22AC2 /* MyContestListResponse.swift in Sources */,
				58299B292C767605001BBF0F /* RetaurantModel.swift in Sources */,
				58299AEC2C761959001BBF0F /* GeneralAPI.swift in Sources */,
				58C316682C709AA0001374EC /* CarouselView.swift in Sources */,
				58299AE72C75F9CF001BBF0F /* TagsView.swift in Sources */,
				52A9DFB42C764F0800A22AC2 /* ReviewStarResponse.swift in Sources */,
				529C02CC2C62641300C78438 /* RecipeReviewView.swift in Sources */,
				523BC5F62C6B40BE007CDFA2 /* Step.swift in Sources */,
				58299AE52C75C099001BBF0F /* Location.swift in Sources */,
				52A9DFA42C762CB700A22AC2 /* RecipeContestRespones.swift in Sources */,
				523BC5E72C6A5466007CDFA2 /* RecommendRecipeModel.swift in Sources */,
				52A9DFAE2C7645F100A22AC2 /* RecipeSavingResponse.swift in Sources */,
				5232A51A2C63D29D00B344E9 /* MyContestEditView.swift in Sources */,
				523BC5EB2C6A5769007CDFA2 /* RecipeReviewCard.swift in Sources */,
				52A9DFA22C76277800A22AC2 /* RecipeDetailRespone.swift in Sources */,
				523BC5F42C6B4067007CDFA2 /* IngredientModel.swift in Sources */,
				523BC5E32C6A51B1007CDFA2 /* RecipeDetailCardView.swift in Sources */,
				58299B252C7674CE001BBF0F /* HomeViewModel.swift in Sources */,
				523BC5F92C6B4198007CDFA2 /* RecipeStepView.swift in Sources */,
				5232A5272C68FFF000B344E9 /* ContestFilterBar.swift in Sources */,
				5232A5212C68F84A00B344E9 /* RecipeCardView.swift in Sources */,
				58299B072C762186001BBF0F /* RecipeListResponse.swift in Sources */,
				58299AF02C761A70001BBF0F /* RecipeAPI.swift in Sources */,
				58299AE32C7599DD001BBF0F /* RestaurantView.swift in Sources */,
				58299B2E2C76760D001BBF0F /* MyPageCalenderCardView.swift in Sources */,
				58299AEE2C761A65001BBF0F /* HomeAPI.swift in Sources */,
				523BC5F02C6B301B007CDFA2 /* MyContestCardModel.swift in Sources */,
				52A9DFB22C764A9F00A22AC2 /* RecipePreviewResponse.swift in Sources */,
				5232A5292C69012F00B344E9 /* RecipeCardModel.swift in Sources */,
				58C316462C68EC56001374EC /* RoundedCornersShape.swift in Sources */,
				5847F1062C5CFAC8001AC04E /* VeganningApp.swift in Sources */,
				58299B3C2C768618001BBF0F /* MyPageMainModel.swift in Sources */,
				58C3163A2C68E111001374EC /* CustomTabView.swift in Sources */,
				58299AF42C761A8F001BBF0F /* HomeService.swift in Sources */,
				5232A51E2C63DB5300B344E9 /* RecipeContest.swift in Sources */,
				52A9DFB02C764A8E00A22AC2 /* RecipePreviewrequest.swift in Sources */,
				523BC5E12C6A5050007CDFA2 /* RecipeDetailCardModel.swift in Sources */,
				523BC5FC2C6B4542007CDFA2 /* ContestFinishPopup.swift in Sources */,
				58299B3A2C767F70001BBF0F /* StoreDetailView.swift in Sources */,
				52A9DFBA2C7651AD00A22AC2 /* RecipeReviewWriteResponse.swift in Sources */,
				523BC5EE2C6B2F65007CDFA2 /* MyContestCardView.swift in Sources */,
				523BC6012C760526007CDFA2 /* RecipeData.swift in Sources */,
				529C02CA2C62516600C78438 /* RecipeMainView.swift in Sources */,
				58C3166C2C70A456001374EC /* HomeTagsView.swift in Sources */,
				58299B012C761DD4001BBF0F /* BaseResponse.swift in Sources */,
			);
			runOnlyForDeploymentPostprocessing = 0;
		};
		5847F10E2C5CFAC9001AC04E /* Sources */ = {
			isa = PBXSourcesBuildPhase;
			buildActionMask = 2147483647;
			files = (
				5847F1172C5CFAC9001AC04E /* VeganningTests.swift in Sources */,
			);
			runOnlyForDeploymentPostprocessing = 0;
		};
		5847F1182C5CFAC9001AC04E /* Sources */ = {
			isa = PBXSourcesBuildPhase;
			buildActionMask = 2147483647;
			files = (
				5847F1232C5CFAC9001AC04E /* VeganningUITestsLaunchTests.swift in Sources */,
				5847F1212C5CFAC9001AC04E /* VeganningUITests.swift in Sources */,
			);
			runOnlyForDeploymentPostprocessing = 0;
		};
/* End PBXSourcesBuildPhase section */

/* Begin PBXTargetDependency section */
		5847F1142C5CFAC9001AC04E /* PBXTargetDependency */ = {
			isa = PBXTargetDependency;
			target = 5847F1012C5CFAC8001AC04E /* Veganning */;
			targetProxy = 5847F1132C5CFAC9001AC04E /* PBXContainerItemProxy */;
		};
		5847F11E2C5CFAC9001AC04E /* PBXTargetDependency */ = {
			isa = PBXTargetDependency;
			target = 5847F1012C5CFAC8001AC04E /* Veganning */;
			targetProxy = 5847F11D2C5CFAC9001AC04E /* PBXContainerItemProxy */;
		};
/* End PBXTargetDependency section */

/* Begin XCBuildConfiguration section */
		5847F1242C5CFAC9001AC04E /* Debug */ = {
			isa = XCBuildConfiguration;
			buildSettings = {
				ALWAYS_SEARCH_USER_PATHS = NO;
				ASSETCATALOG_COMPILER_GENERATE_SWIFT_ASSET_SYMBOL_EXTENSIONS = YES;
				CLANG_ANALYZER_NONNULL = YES;
				CLANG_ANALYZER_NUMBER_OBJECT_CONVERSION = YES_AGGRESSIVE;
				CLANG_CXX_LANGUAGE_STANDARD = "gnu++20";
				CLANG_ENABLE_MODULES = YES;
				CLANG_ENABLE_OBJC_ARC = YES;
				CLANG_ENABLE_OBJC_WEAK = YES;
				CLANG_WARN_BLOCK_CAPTURE_AUTORELEASING = YES;
				CLANG_WARN_BOOL_CONVERSION = YES;
				CLANG_WARN_COMMA = YES;
				CLANG_WARN_CONSTANT_CONVERSION = YES;
				CLANG_WARN_DEPRECATED_OBJC_IMPLEMENTATIONS = YES;
				CLANG_WARN_DIRECT_OBJC_ISA_USAGE = YES_ERROR;
				CLANG_WARN_DOCUMENTATION_COMMENTS = YES;
				CLANG_WARN_EMPTY_BODY = YES;
				CLANG_WARN_ENUM_CONVERSION = YES;
				CLANG_WARN_INFINITE_RECURSION = YES;
				CLANG_WARN_INT_CONVERSION = YES;
				CLANG_WARN_NON_LITERAL_NULL_CONVERSION = YES;
				CLANG_WARN_OBJC_IMPLICIT_RETAIN_SELF = YES;
				CLANG_WARN_OBJC_LITERAL_CONVERSION = YES;
				CLANG_WARN_OBJC_ROOT_CLASS = YES_ERROR;
				CLANG_WARN_QUOTED_INCLUDE_IN_FRAMEWORK_HEADER = YES;
				CLANG_WARN_RANGE_LOOP_ANALYSIS = YES;
				CLANG_WARN_STRICT_PROTOTYPES = YES;
				CLANG_WARN_SUSPICIOUS_MOVE = YES;
				CLANG_WARN_UNGUARDED_AVAILABILITY = YES_AGGRESSIVE;
				CLANG_WARN_UNREACHABLE_CODE = YES;
				CLANG_WARN__DUPLICATE_METHOD_MATCH = YES;
				COPY_PHASE_STRIP = NO;
				DEBUG_INFORMATION_FORMAT = dwarf;
				ENABLE_STRICT_OBJC_MSGSEND = YES;
				ENABLE_TESTABILITY = YES;
				ENABLE_USER_SCRIPT_SANDBOXING = YES;
				GCC_C_LANGUAGE_STANDARD = gnu17;
				GCC_DYNAMIC_NO_PIC = NO;
				GCC_NO_COMMON_BLOCKS = YES;
				GCC_OPTIMIZATION_LEVEL = 0;
				GCC_PREPROCESSOR_DEFINITIONS = (
					"DEBUG=1",
					"$(inherited)",
				);
				GCC_WARN_64_TO_32_BIT_CONVERSION = YES;
				GCC_WARN_ABOUT_RETURN_TYPE = YES_ERROR;
				GCC_WARN_UNDECLARED_SELECTOR = YES;
				GCC_WARN_UNINITIALIZED_AUTOS = YES_AGGRESSIVE;
				GCC_WARN_UNUSED_FUNCTION = YES;
				GCC_WARN_UNUSED_VARIABLE = YES;
				IPHONEOS_DEPLOYMENT_TARGET = 17.5;
				LOCALIZATION_PREFERS_STRING_CATALOGS = YES;
				MTL_ENABLE_DEBUG_INFO = INCLUDE_SOURCE;
				MTL_FAST_MATH = YES;
				ONLY_ACTIVE_ARCH = YES;
				SDKROOT = iphoneos;
				SWIFT_ACTIVE_COMPILATION_CONDITIONS = "DEBUG $(inherited)";
				SWIFT_OPTIMIZATION_LEVEL = "-Onone";
			};
			name = Debug;
		};
		5847F1252C5CFAC9001AC04E /* Release */ = {
			isa = XCBuildConfiguration;
			buildSettings = {
				ALWAYS_SEARCH_USER_PATHS = NO;
				ASSETCATALOG_COMPILER_GENERATE_SWIFT_ASSET_SYMBOL_EXTENSIONS = YES;
				CLANG_ANALYZER_NONNULL = YES;
				CLANG_ANALYZER_NUMBER_OBJECT_CONVERSION = YES_AGGRESSIVE;
				CLANG_CXX_LANGUAGE_STANDARD = "gnu++20";
				CLANG_ENABLE_MODULES = YES;
				CLANG_ENABLE_OBJC_ARC = YES;
				CLANG_ENABLE_OBJC_WEAK = YES;
				CLANG_WARN_BLOCK_CAPTURE_AUTORELEASING = YES;
				CLANG_WARN_BOOL_CONVERSION = YES;
				CLANG_WARN_COMMA = YES;
				CLANG_WARN_CONSTANT_CONVERSION = YES;
				CLANG_WARN_DEPRECATED_OBJC_IMPLEMENTATIONS = YES;
				CLANG_WARN_DIRECT_OBJC_ISA_USAGE = YES_ERROR;
				CLANG_WARN_DOCUMENTATION_COMMENTS = YES;
				CLANG_WARN_EMPTY_BODY = YES;
				CLANG_WARN_ENUM_CONVERSION = YES;
				CLANG_WARN_INFINITE_RECURSION = YES;
				CLANG_WARN_INT_CONVERSION = YES;
				CLANG_WARN_NON_LITERAL_NULL_CONVERSION = YES;
				CLANG_WARN_OBJC_IMPLICIT_RETAIN_SELF = YES;
				CLANG_WARN_OBJC_LITERAL_CONVERSION = YES;
				CLANG_WARN_OBJC_ROOT_CLASS = YES_ERROR;
				CLANG_WARN_QUOTED_INCLUDE_IN_FRAMEWORK_HEADER = YES;
				CLANG_WARN_RANGE_LOOP_ANALYSIS = YES;
				CLANG_WARN_STRICT_PROTOTYPES = YES;
				CLANG_WARN_SUSPICIOUS_MOVE = YES;
				CLANG_WARN_UNGUARDED_AVAILABILITY = YES_AGGRESSIVE;
				CLANG_WARN_UNREACHABLE_CODE = YES;
				CLANG_WARN__DUPLICATE_METHOD_MATCH = YES;
				COPY_PHASE_STRIP = NO;
				DEBUG_INFORMATION_FORMAT = "dwarf-with-dsym";
				ENABLE_NS_ASSERTIONS = NO;
				ENABLE_STRICT_OBJC_MSGSEND = YES;
				ENABLE_USER_SCRIPT_SANDBOXING = YES;
				GCC_C_LANGUAGE_STANDARD = gnu17;
				GCC_NO_COMMON_BLOCKS = YES;
				GCC_WARN_64_TO_32_BIT_CONVERSION = YES;
				GCC_WARN_ABOUT_RETURN_TYPE = YES_ERROR;
				GCC_WARN_UNDECLARED_SELECTOR = YES;
				GCC_WARN_UNINITIALIZED_AUTOS = YES_AGGRESSIVE;
				GCC_WARN_UNUSED_FUNCTION = YES;
				GCC_WARN_UNUSED_VARIABLE = YES;
				IPHONEOS_DEPLOYMENT_TARGET = 17.5;
				LOCALIZATION_PREFERS_STRING_CATALOGS = YES;
				MTL_ENABLE_DEBUG_INFO = NO;
				MTL_FAST_MATH = YES;
				SDKROOT = iphoneos;
				SWIFT_COMPILATION_MODE = wholemodule;
				VALIDATE_PRODUCT = YES;
			};
			name = Release;
		};
		5847F1272C5CFAC9001AC04E /* Debug */ = {
			isa = XCBuildConfiguration;
			buildSettings = {
				ASSETCATALOG_COMPILER_APPICON_NAME = AppIcon;
				ASSETCATALOG_COMPILER_GLOBAL_ACCENT_COLOR_NAME = AccentColor;
				CODE_SIGN_STYLE = Automatic;
				CURRENT_PROJECT_VERSION = 1;
				DEVELOPMENT_ASSET_PATHS = "\"Veganning/Preview Content\"";
				DEVELOPMENT_TEAM = 4U5H969Z3G;
				ENABLE_PREVIEWS = YES;
				GENERATE_INFOPLIST_FILE = YES;
				INFOPLIST_FILE = Veganning/Info.plist;
				INFOPLIST_KEY_UIApplicationSceneManifest_Generation = YES;
				INFOPLIST_KEY_UIApplicationSupportsIndirectInputEvents = YES;
				INFOPLIST_KEY_UILaunchScreen_Generation = YES;
				INFOPLIST_KEY_UISupportedInterfaceOrientations_iPad = "UIInterfaceOrientationPortrait UIInterfaceOrientationPortraitUpsideDown UIInterfaceOrientationLandscapeLeft UIInterfaceOrientationLandscapeRight";
				INFOPLIST_KEY_UISupportedInterfaceOrientations_iPhone = "UIInterfaceOrientationPortrait UIInterfaceOrientationLandscapeLeft UIInterfaceOrientationLandscapeRight";
				LD_RUNPATH_SEARCH_PATHS = (
					"$(inherited)",
					"@executable_path/Frameworks",
				);
				MARKETING_VERSION = 1.0;
				PRODUCT_BUNDLE_IDENTIFIER = com.Veganning;
				PRODUCT_NAME = "$(TARGET_NAME)";
				SWIFT_EMIT_LOC_STRINGS = YES;
				SWIFT_VERSION = 5.0;
				TARGETED_DEVICE_FAMILY = "1,2";
			};
			name = Debug;
		};
		5847F1282C5CFAC9001AC04E /* Release */ = {
			isa = XCBuildConfiguration;
			buildSettings = {
				ASSETCATALOG_COMPILER_APPICON_NAME = AppIcon;
				ASSETCATALOG_COMPILER_GLOBAL_ACCENT_COLOR_NAME = AccentColor;
				CODE_SIGN_STYLE = Automatic;
				CURRENT_PROJECT_VERSION = 1;
				DEVELOPMENT_ASSET_PATHS = "\"Veganning/Preview Content\"";
				DEVELOPMENT_TEAM = 4U5H969Z3G;
				ENABLE_PREVIEWS = YES;
				GENERATE_INFOPLIST_FILE = YES;
				INFOPLIST_FILE = Veganning/Info.plist;
				INFOPLIST_KEY_UIApplicationSceneManifest_Generation = YES;
				INFOPLIST_KEY_UIApplicationSupportsIndirectInputEvents = YES;
				INFOPLIST_KEY_UILaunchScreen_Generation = YES;
				INFOPLIST_KEY_UISupportedInterfaceOrientations_iPad = "UIInterfaceOrientationPortrait UIInterfaceOrientationPortraitUpsideDown UIInterfaceOrientationLandscapeLeft UIInterfaceOrientationLandscapeRight";
				INFOPLIST_KEY_UISupportedInterfaceOrientations_iPhone = "UIInterfaceOrientationPortrait UIInterfaceOrientationLandscapeLeft UIInterfaceOrientationLandscapeRight";
				LD_RUNPATH_SEARCH_PATHS = (
					"$(inherited)",
					"@executable_path/Frameworks",
				);
				MARKETING_VERSION = 1.0;
				PRODUCT_BUNDLE_IDENTIFIER = com.Veganning;
				PRODUCT_NAME = "$(TARGET_NAME)";
				SWIFT_EMIT_LOC_STRINGS = YES;
				SWIFT_VERSION = 5.0;
				TARGETED_DEVICE_FAMILY = "1,2";
			};
			name = Release;
		};
		5847F12A2C5CFAC9001AC04E /* Debug */ = {
			isa = XCBuildConfiguration;
			buildSettings = {
				ALWAYS_EMBED_SWIFT_STANDARD_LIBRARIES = YES;
				BUNDLE_LOADER = "$(TEST_HOST)";
				CODE_SIGN_STYLE = Automatic;
				CURRENT_PROJECT_VERSION = 1;
				DEVELOPMENT_TEAM = G62DUX396A;
				GENERATE_INFOPLIST_FILE = YES;
				IPHONEOS_DEPLOYMENT_TARGET = 17.5;
				MARKETING_VERSION = 1.0;
				PRODUCT_BUNDLE_IDENTIFIER = com.VeganningTests;
				PRODUCT_NAME = "$(TARGET_NAME)";
				SWIFT_EMIT_LOC_STRINGS = NO;
				SWIFT_VERSION = 5.0;
				TARGETED_DEVICE_FAMILY = "1,2";
				TEST_HOST = "$(BUILT_PRODUCTS_DIR)/Veganning.app/$(BUNDLE_EXECUTABLE_FOLDER_PATH)/Veganning";
			};
			name = Debug;
		};
		5847F12B2C5CFAC9001AC04E /* Release */ = {
			isa = XCBuildConfiguration;
			buildSettings = {
				ALWAYS_EMBED_SWIFT_STANDARD_LIBRARIES = YES;
				BUNDLE_LOADER = "$(TEST_HOST)";
				CODE_SIGN_STYLE = Automatic;
				CURRENT_PROJECT_VERSION = 1;
				DEVELOPMENT_TEAM = 4U5H969Z3G;
				GENERATE_INFOPLIST_FILE = YES;
				IPHONEOS_DEPLOYMENT_TARGET = 17.5;
				MARKETING_VERSION = 1.0;
				PRODUCT_BUNDLE_IDENTIFIER = com.VeganningTests;
				PRODUCT_NAME = "$(TARGET_NAME)";
				SWIFT_EMIT_LOC_STRINGS = NO;
				SWIFT_VERSION = 5.0;
				TARGETED_DEVICE_FAMILY = "1,2";
				TEST_HOST = "$(BUILT_PRODUCTS_DIR)/Veganning.app/$(BUNDLE_EXECUTABLE_FOLDER_PATH)/Veganning";
			};
			name = Release;
		};
		5847F12D2C5CFAC9001AC04E /* Debug */ = {
			isa = XCBuildConfiguration;
			buildSettings = {
				ALWAYS_EMBED_SWIFT_STANDARD_LIBRARIES = YES;
				CODE_SIGN_STYLE = Automatic;
				CURRENT_PROJECT_VERSION = 1;
				DEVELOPMENT_TEAM = G62DUX396A;
				GENERATE_INFOPLIST_FILE = YES;
				MARKETING_VERSION = 1.0;
				PRODUCT_BUNDLE_IDENTIFIER = com.VeganningUITests;
				PRODUCT_NAME = "$(TARGET_NAME)";
				SWIFT_EMIT_LOC_STRINGS = NO;
				SWIFT_VERSION = 5.0;
				TARGETED_DEVICE_FAMILY = "1,2";
				TEST_TARGET_NAME = Veganning;
			};
			name = Debug;
		};
		5847F12E2C5CFAC9001AC04E /* Release */ = {
			isa = XCBuildConfiguration;
			buildSettings = {
				ALWAYS_EMBED_SWIFT_STANDARD_LIBRARIES = YES;
				CODE_SIGN_STYLE = Automatic;
				CURRENT_PROJECT_VERSION = 1;
				DEVELOPMENT_TEAM = G62DUX396A;
				GENERATE_INFOPLIST_FILE = YES;
				MARKETING_VERSION = 1.0;
				PRODUCT_BUNDLE_IDENTIFIER = com.VeganningUITests;
				PRODUCT_NAME = "$(TARGET_NAME)";
				SWIFT_EMIT_LOC_STRINGS = NO;
				SWIFT_VERSION = 5.0;
				TARGETED_DEVICE_FAMILY = "1,2";
				TEST_TARGET_NAME = Veganning;
			};
			name = Release;
		};
/* End XCBuildConfiguration section */

/* Begin XCConfigurationList section */
		5847F0FD2C5CFAC8001AC04E /* Build configuration list for PBXProject "Veganning" */ = {
			isa = XCConfigurationList;
			buildConfigurations = (
				5847F1242C5CFAC9001AC04E /* Debug */,
				5847F1252C5CFAC9001AC04E /* Release */,
			);
			defaultConfigurationIsVisible = 0;
			defaultConfigurationName = Release;
		};
		5847F1262C5CFAC9001AC04E /* Build configuration list for PBXNativeTarget "Veganning" */ = {
			isa = XCConfigurationList;
			buildConfigurations = (
				5847F1272C5CFAC9001AC04E /* Debug */,
				5847F1282C5CFAC9001AC04E /* Release */,
			);
			defaultConfigurationIsVisible = 0;
			defaultConfigurationName = Release;
		};
		5847F1292C5CFAC9001AC04E /* Build configuration list for PBXNativeTarget "VeganningTests" */ = {
			isa = XCConfigurationList;
			buildConfigurations = (
				5847F12A2C5CFAC9001AC04E /* Debug */,
				5847F12B2C5CFAC9001AC04E /* Release */,
			);
			defaultConfigurationIsVisible = 0;
			defaultConfigurationName = Release;
		};
		5847F12C2C5CFAC9001AC04E /* Build configuration list for PBXNativeTarget "VeganningUITests" */ = {
			isa = XCConfigurationList;
			buildConfigurations = (
				5847F12D2C5CFAC9001AC04E /* Debug */,
				5847F12E2C5CFAC9001AC04E /* Release */,
			);
			defaultConfigurationIsVisible = 0;
			defaultConfigurationName = Release;
		};
/* End XCConfigurationList section */

/* Begin XCRemoteSwiftPackageReference section */
		58299AF72C761C10001BBF0F /* XCRemoteSwiftPackageReference "Moya" */ = {
			isa = XCRemoteSwiftPackageReference;
			repositoryURL = "https://github.com/Moya/Moya.git";
			requirement = {
				kind = upToNextMajorVersion;
				minimumVersion = 15.0.3;
			};
		};
		58C3165E2C6B5A54001374EC /* XCRemoteSwiftPackageReference "CollectionViewPagingLayout" */ = {
			isa = XCRemoteSwiftPackageReference;
			repositoryURL = "https://github.com/amirdew/CollectionViewPagingLayout.git";
			requirement = {
				kind = upToNextMajorVersion;
				minimumVersion = 1.1.0;
			};
		};
/* End XCRemoteSwiftPackageReference section */

/* Begin XCSwiftPackageProductDependency section */
		58299AF82C761C10001BBF0F /* CombineMoya */ = {
			isa = XCSwiftPackageProductDependency;
			package = 58299AF72C761C10001BBF0F /* XCRemoteSwiftPackageReference "Moya" */;
			productName = CombineMoya;
		};
		58299AFA2C761C10001BBF0F /* Moya */ = {
			isa = XCSwiftPackageProductDependency;
			package = 58299AF72C761C10001BBF0F /* XCRemoteSwiftPackageReference "Moya" */;
			productName = Moya;
		};
		58299AFC2C761C10001BBF0F /* ReactiveMoya */ = {
			isa = XCSwiftPackageProductDependency;
			package = 58299AF72C761C10001BBF0F /* XCRemoteSwiftPackageReference "Moya" */;
			productName = ReactiveMoya;
		};
		58299AFE2C761C10001BBF0F /* RxMoya */ = {
			isa = XCSwiftPackageProductDependency;
			package = 58299AF72C761C10001BBF0F /* XCRemoteSwiftPackageReference "Moya" */;
			productName = RxMoya;
		};
		58C3165F2C6B5A54001374EC /* CollectionViewPagingLayout */ = {
			isa = XCSwiftPackageProductDependency;
			package = 58C3165E2C6B5A54001374EC /* XCRemoteSwiftPackageReference "CollectionViewPagingLayout" */;
			productName = CollectionViewPagingLayout;
		};
/* End XCSwiftPackageProductDependency section */
	};
	rootObject = 5847F0FA2C5CFAC8001AC04E /* Project object */;
}
